{
  "version": 4,
  "terraform_version": "1.15.6",
  "serial": 31,
  "lineage": "e50d5366-aa59-77da-4a1e-5d682195776f",
  "outputs": {},
  "resources": [
    {
      "mode": "managed",
      "type": "kafka_topic",
      "name": "dlq",
      "provider": "provider[\"registry.terraform.io/mongey/kafka\"]",
      "instances": [
        {
          "index_key": "android_pn",
          "schema_version": 0,
          "attributes": {
            "config": {
              "cleanup.policy": "delete",
              "min.insync.replicas": "1",
              "retention.ms": "2592000000"
            },
            "id": "notif.android_pn.dlq",
            "name": "notif.android_pn.dlq",
            "partitions": 3,
            "replication_factor": 1
          },
          "sensitive_attributes": [],
          "identity_schema_version": 0,
          "private": "bnVsbA=="
        },
        {
          "index_key": "apple_pn",
          "schema_version": 0,
          "attributes": {
            "config": {
              "cleanup.policy": "delete",
              "min.insync.replicas": "1",
              "retention.ms": "2592000000"
            },
            "id": "notif.apple_pn.dlq",
            "name": "notif.apple_pn.dlq",
            "partitions": 3,
            "replication_factor": 1
          },
          "sensitive_attributes": [],
          "identity_schema_version": 0,
          "private": "bnVsbA=="
        },
        {
          "index_key": "email",
          "schema_version": 0,
          "attributes": {
            "config": {
              "cleanup.policy": "delete",
              "min.insync.replicas": "1",
              "retention.ms": "2592000000"
            },
            "id": "notif.email.dlq",
            "name": "notif.email.dlq",
            "partitions": 3,
            "replication_factor": 1
          },
          "sensitive_attributes": [],
          "identity_schema_version": 0,
          "private": "bnVsbA=="
        },
        {
          "index_key": "sms",
          "schema_version": 0,
          "attributes": {
            "config": {
              "cleanup.policy": "delete",
              "min.insync.replicas": "1",
              "retention.ms": "2592000000"
            },
            "id": "notif.sms.dlq",
            "name": "notif.sms.dlq",
            "partitions": 3,
            "replication_factor": 1
          },
          "sensitive_attributes": [],
          "identity_schema_version": 0,
          "private": "bnVsbA=="
        },
        {
          "index_key": "whatsapp",
          "schema_version": 0,
          "attributes": {
            "config": {
              "cleanup.policy": "delete",
              "min.insync.replicas": "1",
              "retention.ms": "2592000000"
            },
            "id": "notif.whatsapp.dlq",
            "name": "notif.whatsapp.dlq",
            "partitions": 3,
            "replication_factor": 1
          },
          "sensitive_attributes": [],
          "identity_schema_version": 0,
          "private": "bnVsbA=="
        }
      ]
    },
    {
      "mode": "managed",
      "type": "kafka_topic",
      "name": "main",
      "provider": "provider[\"registry.terraform.io/mongey/kafka\"]",
      "instances": [
        {
          "index_key": "android_pn-high",
          "schema_version": 0,
          "attributes": {
            "config": {
              "cleanup.policy": "delete",
              "min.insync.replicas": "1",
              "retention.ms": "172800000"
            },
            "id": "notif.android_pn.high",
            "name": "notif.android_pn.high",
            "partitions": 24,
            "replication_factor": 1
          },
          "sensitive_attributes": [],
          "identity_schema_version": 0,
          "private": "bnVsbA=="
        },
        {
          "index_key": "android_pn-standard",
          "schema_version": 0,
          "attributes": {
            "config": {
              "cleanup.policy": "delete",
              "min.insync.replicas": "1",
              "retention.ms": "172800000"
            },
            "id": "notif.android_pn.standard",
            "name": "notif.android_pn.standard",
            "partitions": 12,
            "replication_factor": 1
          },
          "sensitive_attributes": [],
          "identity_schema_version": 0,
          "private": "bnVsbA=="
        },
        {
          "index_key": "apple_pn-high",
          "schema_version": 0,
          "attributes": {
            "config": {
              "cleanup.policy": "delete",
              "min.insync.replicas": "1",
              "retention.ms": "172800000"
            },
            "id": "notif.apple_pn.high",
            "name": "notif.apple_pn.high",
            "partitions": 24,
            "replication_factor": 1
          },
          "sensitive_attributes": [],
          "identity_schema_version": 0,
          "private": "bnVsbA=="
        },
        {
          "index_key": "apple_pn-standard",
          "schema_version": 0,
          "attributes": {
            "config": {
              "cleanup.policy": "delete",
              "min.insync.replicas": "1",
              "retention.ms": "172800000"
            },
            "id": "notif.apple_pn.standard",
            "name": "notif.apple_pn.standard",
            "partitions": 12,
            "replication_factor": 1
          },
          "sensitive_attributes": [],
          "identity_schema_version": 0,
          "private": "bnVsbA=="
        },
        {
          "index_key": "email-high",
          "schema_version": 0,
          "attributes": {
            "config": {
              "cleanup.policy": "delete",
              "min.insync.replicas": "1",
              "retention.ms": "172800000"
            },
            "id": "notif.email.high",
            "name": "notif.email.high",
            "partitions": 24,
            "replication_factor": 1
          },
          "sensitive_attributes": [],
          "identity_schema_version": 0,
          "private": "bnVsbA=="
        },
        {
          "index_key": "email-standard",
          "schema_version": 0,
          "attributes": {
            "config": {
              "cleanup.policy": "delete",
              "min.insync.replicas": "1",
              "retention.ms": "172800000"
            },
            "id": "notif.email.standard",
            "name": "notif.email.standard",
            "partitions": 12,
            "replication_factor": 1
          },
          "sensitive_attributes": [],
          "identity_schema_version": 0,
          "private": "bnVsbA=="
        },
        {
          "index_key": "sms-high",
          "schema_version": 0,
          "attributes": {
            "config": {
              "cleanup.policy": "delete",
              "min.insync.replicas": "1",
              "retention.ms": "172800000"
            },
            "id": "notif.sms.high",
            "name": "notif.sms.high",
            "partitions": 24,
            "replication_factor": 1
          },
          "sensitive_attributes": [],
          "identity_schema_version": 0,
          "private": "bnVsbA=="
        },
        {
          "index_key": "sms-standard",
          "schema_version": 0,
          "attributes": {
            "config": {
              "cleanup.policy": "delete",
              "min.insync.replicas": "1",
              "retention.ms": "172800000"
            },
            "id": "notif.sms.standard",
            "name": "notif.sms.standard",
            "partitions": 12,
            "replication_factor": 1
          },
          "sensitive_attributes": [],
          "identity_schema_version": 0,
          "private": "bnVsbA=="
        },
        {
          "index_key": "whatsapp-high",
          "schema_version": 0,
          "attributes": {
            "config": {
              "cleanup.policy": "delete",
              "min.insync.replicas": "1",
              "retention.ms": "172800000"
            },
            "id": "notif.whatsapp.high",
            "name": "notif.whatsapp.high",
            "partitions": 24,
            "replication_factor": 1
          },
          "sensitive_attributes": [],
          "identity_schema_version": 0,
          "private": "bnVsbA=="
        },
        {
          "index_key": "whatsapp-standard",
          "schema_version": 0,
          "attributes": {
            "config": {
              "cleanup.policy": "delete",
              "min.insync.replicas": "1",
              "retention.ms": "172800000"
            },
            "id": "notif.whatsapp.standard",
            "name": "notif.whatsapp.standard",
            "partitions": 12,
            "replication_factor": 1
          },
          "sensitive_attributes": [],
          "identity_schema_version": 0,
          "private": "bnVsbA=="
        }
      ]
    },
    {
      "mode": "managed",
      "type": "kafka_topic",
      "name": "retry",
      "provider": "provider[\"registry.terraform.io/mongey/kafka\"]",
      "instances": [
        {
          "index_key": "android_pn-retry-30m",
          "schema_version": 0,
          "attributes": {
            "config": {
              "cleanup.policy": "delete",
              "min.insync.replicas": "1",
              "retention.ms": "172800000"
            },
            "id": "notif.android_pn.retry-30m",
            "name": "notif.android_pn.retry-30m",
            "partitions": 6,
            "replication_factor": 1
          },
          "sensitive_attributes": [],
          "identity_schema_version": 0,
          "private": "bnVsbA=="
        },
        {
          "index_key": "android_pn-retry-30s",
          "schema_version": 0,
          "attributes": {
            "config": {
              "cleanup.policy": "delete",
              "min.insync.replicas": "1",
              "retention.ms": "172800000"
            },
            "id": "notif.android_pn.retry-30s",
            "name": "notif.android_pn.retry-30s",
            "partitions": 6,
            "replication_factor": 1
          },
          "sensitive_attributes": [],
          "identity_schema_version": 0,
          "private": "bnVsbA=="
        },
        {
          "index_key": "android_pn-retry-5m",
          "schema_version": 0,
          "attributes": {
            "config": {
              "cleanup.policy": "delete",
              "min.insync.replicas": "1",
              "retention.ms": "172800000"
            },
            "id": "notif.android_pn.retry-5m",
            "name": "notif.android_pn.retry-5m",
            "partitions": 6,
            "replication_factor": 1
          },
          "sensitive_attributes": [],
          "identity_schema_version": 0,
          "private": "bnVsbA=="
        },
        {
          "index_key": "apple_pn-retry-30m",
          "schema_version": 0,
          "attributes": {
            "config": {
              "cleanup.policy": "delete",
              "min.insync.replicas": "1",
              "retention.ms": "172800000"
            },
            "id": "notif.apple_pn.retry-30m",
            "name": "notif.apple_pn.retry-30m",
            "partitions": 6,
            "replication_factor": 1
          },
          "sensitive_attributes": [],
          "identity_schema_version": 0,
          "private": "bnVsbA=="
        },
        {
          "index_key": "apple_pn-retry-30s",
          "schema_version": 0,
          "attributes": {
            "config": {
              "cleanup.policy": "delete",
              "min.insync.replicas": "1",
              "retention.ms": "172800000"
            },
            "id": "notif.apple_pn.retry-30s",
            "name": "notif.apple_pn.retry-30s",
            "partitions": 6,
            "replication_factor": 1
          },
          "sensitive_attributes": [],
          "identity_schema_version": 0,
          "private": "bnVsbA=="
        },
        {
          "index_key": "apple_pn-retry-5m",
          "schema_version": 0,
          "attributes": {
            "config": {
              "cleanup.policy": "delete",
              "min.insync.replicas": "1",
              "retention.ms": "172800000"
            },
            "id": "notif.apple_pn.retry-5m",
            "name": "notif.apple_pn.retry-5m",
            "partitions": 6,
            "replication_factor": 1
          },
          "sensitive_attributes": [],
          "identity_schema_version": 0,
          "private": "bnVsbA=="
        },
        {
          "index_key": "email-retry-30m",
          "schema_version": 0,
          "attributes": {
            "config": {
              "cleanup.policy": "delete",
              "min.insync.replicas": "1",
              "retention.ms": "172800000"
            },
            "id": "notif.email.retry-30m",
            "name": "notif.email.retry-30m",
            "partitions": 6,
            "replication_factor": 1
          },
          "sensitive_attributes": [],
          "identity_schema_version": 0,
          "private": "bnVsbA=="
        },
        {
          "index_key": "email-retry-30s",
          "schema_version": 0,
          "attributes": {
            "config": {
              "cleanup.policy": "delete",
              "min.insync.replicas": "1",
              "retention.ms": "172800000"
            },
            "id": "notif.email.retry-30s",
            "name": "notif.email.retry-30s",
            "partitions": 6,
            "replication_factor": 1
          },
          "sensitive_attributes": [],
          "identity_schema_version": 0,
          "private": "bnVsbA=="
        },
        {
          "index_key": "email-retry-5m",
          "schema_version": 0,
          "attributes": {
            "config": {
              "cleanup.policy": "delete",
              "min.insync.replicas": "1",
              "retention.ms": "172800000"
            },
            "id": "notif.email.retry-5m",
            "name": "notif.email.retry-5m",
            "partitions": 6,
            "replication_factor": 1
          },
          "sensitive_attributes": [],
          "identity_schema_version": 0,
          "private": "bnVsbA=="
        },
        {
          "index_key": "sms-retry-30m",
          "schema_version": 0,
          "attributes": {
            "config": {
              "cleanup.policy": "delete",
              "min.insync.replicas": "1",
              "retention.ms": "172800000"
            },
            "id": "notif.sms.retry-30m",
            "name": "notif.sms.retry-30m",
            "partitions": 6,
            "replication_factor": 1
          },
          "sensitive_attributes": [],
          "identity_schema_version": 0,
          "private": "bnVsbA=="
        },
        {
          "index_key": "sms-retry-30s",
          "schema_version": 0,
          "attributes": {
            "config": {
              "cleanup.policy": "delete",
              "min.insync.replicas": "1",
              "retention.ms": "172800000"
            },
            "id": "notif.sms.retry-30s",
            "name": "notif.sms.retry-30s",
            "partitions": 6,
            "replication_factor": 1
          },
          "sensitive_attributes": [],
          "identity_schema_version": 0,
          "private": "bnVsbA=="
        },
        {
          "index_key": "sms-retry-5m",
          "schema_version": 0,
          "attributes": {
            "config": {
              "cleanup.policy": "delete",
              "min.insync.replicas": "1",
              "retention.ms": "172800000"
            },
            "id": "notif.sms.retry-5m",
            "name": "notif.sms.retry-5m",
            "partitions": 6,
            "replication_factor": 1
          },
          "sensitive_attributes": [],
          "identity_schema_version": 0,
          "private": "bnVsbA=="
        },
        {
          "index_key": "whatsapp-retry-30m",
          "schema_version": 0,
          "attributes": {
            "config": {
              "cleanup.policy": "delete",
              "min.insync.replicas": "1",
              "retention.ms": "172800000"
            },
            "id": "notif.whatsapp.retry-30m",
            "name": "notif.whatsapp.retry-30m",
            "partitions": 6,
            "replication_factor": 1
          },
          "sensitive_attributes": [],
          "identity_schema_version": 0,
          "private": "bnVsbA=="
        },
        {
          "index_key": "whatsapp-retry-30s",
          "schema_version": 0,
          "attributes": {
            "config": {
              "cleanup.policy": "delete",
              "min.insync.replicas": "1",
              "retention.ms": "172800000"
            },
            "id": "notif.whatsapp.retry-30s",
            "name": "notif.whatsapp.retry-30s",
            "partitions": 6,
            "replication_factor": 1
          },
          "sensitive_attributes": [],
          "identity_schema_version": 0,
          "private": "bnVsbA=="
        },
        {
          "index_key": "whatsapp-retry-5m",
          "schema_version": 0,
          "attributes": {
            "config": {
              "cleanup.policy": "delete",
              "min.insync.replicas": "1",
              "retention.ms": "172800000"
            },
            "id": "notif.whatsapp.retry-5m",
            "name": "notif.whatsapp.retry-5m",
            "partitions": 6,
            "replication_factor": 1
          },
          "sensitive_attributes": [],
          "identity_schema_version": 0,
          "private": "bnVsbA=="
        }
      ]
    }
  ],
  "check_results": null
}
